{
  "name": "github-meta",
  "lockfileVersion": 3,
  "requires": true,
  "packages": {
    "": {
      "name": "github-meta",
      "workspaces": [
        "packages/*"
      ],
      "devDependencies": {
        "typescript": "^5.3.0"
      }
    },
    "node_modules/@dmikalova/mklv-config": {
      "resolved": "packages/mklv-config",
      "link": true
    },
    "node_modules/@dmikalova/semantic-release-config": {
      "resolved": "packages/semantic-release-config",
      "link": true
    },
    "node_modules/typescript": {
      "version": "5.9.3",
      "resolved": "https://registry.npmjs.org/typescript/-/typescript-5.9.3.tgz",
      "integrity": "sha512-jl1vZzPDinLr9eUt3J/t7V6FgNEw9QjvBPdysz9KfQDD41fQrC2Y4vKQdiaUpFT4bXlb1RHhLpp8wtm6M5TgSw==",
      "dev": true,
      "license": "Apache-2.0",
      "bin": {
        "tsc": "bin/tsc",
        "tsserver": "bin/tsserver"
      },
      "engines": {
        "node": ">=14.17"
      }
    },
    "packages/mklv-config": {
      "name": "@dmikalova/mklv-config",
      "devDependencies": {
        "typescript": "^5.3.0"
      }
    },
    "packages/semantic-release-config": {
      "name": "@dmikalova/semantic-release-config",
      "version": "1.0.0"
    }
  }
}
